// !$*UTF8*$!
{
	archiveVersion = 1;
	classes = {
	};
	objectVersion = 56;
	objects = {

/* Begin PBXBuildFile section */
		F7744E942CC0B211003E5793 /* AsynchHowtoApp.swift in Sources */ = {isa = PBXBuildFile; fileRef = F7744E932CC0B211003E5793 /* AsynchHowtoApp.swift */; };
		F7744E962CC0B211003E5793 /* ContentView.swift in Sources */ = {isa = PBXBuildFile; fileRef = F7744E952CC0B211003E5793 /* ContentView.swift */; };
		F7744E982CC0B214003E5793 /* Assets.xcassets in Resources */ = {isa = PBXBuildFile; fileRef = F7744E972CC0B214003E5793 /* Assets.xcassets */; };
		F7744E9B2CC0B214003E5793 /* Preview Assets.xcassets in Resources */ = {isa = PBXBuildFile; fileRef = F7744E9A2CC0B214003E5793 /* Preview Assets.xcassets */; };
		F7744EA82CC0B6B9003E5793 /* GCDView.swift in Sources */ = {isa = PBXBuildFile; fileRef = F7744EA72CC0B6B9003E5793 /* GCDView.swift */; };
		F7744EAB2CC0B9B2003E5793 /* NSOperationView.swift in Sources */ = {isa = PBXBuildFile; fileRef = F7744EAA2CC0B9B2003E5793 /* NSOperationView.swift */; };
		F7744EAD2CC0BA80003E5793 /* AsyncAwaitView.swift in Sources */ = {isa = PBXBuildFile; fileRef = F7744EAC2CC0BA80003E5793 /* AsyncAwaitView.swift */; };
		F7744EAF2CC0BA98003E5793 /* CombinePublisherView.swift in Sources */ = {isa = PBXBuildFile; fileRef = F7744EAE2CC0BA98003E5793 /* CombinePublisherView.swift */; };
/* End PBXBuildFile section */

/* Begin PBXFileReference section */
		F7744E902CC0B211003E5793 /* AsynchHowto.app */ = {isa = PBXFileReference; explicitFileType = wrapper.application; includeInIndex = 0; path = AsynchHowto.app; sourceTree = BUILT_PRODUCTS_DIR; };
		F7744E932CC0B211003E5793 /* AsynchHowtoApp.swift */ = {isa = PBXFileReference; lastKnownFileType = sourcecode.swift; path = AsynchHowtoApp.swift; sourceTree = "<group>"; };
		F7744E952CC0B211003E5793 /* ContentView.swift */ = {isa = PBXFileReference; lastKnownFileType = sourcecode.swift; path = ContentView.swift; sourceTree = "<group>"; };
		F7744E972CC0B214003E5793 /* Assets.xcassets */ = {isa = PBXFileReference; lastKnownFileType = folder.assetcatalog; path = Assets.xcassets; sourceTree = "<group>"; };
		F7744E9A2CC0B214003E5793 /* Preview Assets.xcassets */ = {isa = PBXFileReference; lastKnownFileType = folder.assetcatalog; path = "Preview Assets.xcassets"; sourceTree = "<group>"; };
		F7744EA72CC0B6B9003E5793 /* GCDView.swift */ = {isa = PBXFileReference; lastKnownFileType = sourcecode.swift; path = GCDView.swift; sourceTree = "<group>"; };
		F7744EAA2CC0B9B2003E5793 /* NSOperationView.swift */ = {isa = PBXFileReference; lastKnownFileType = sourcecode.swift; path = NSOperationView.swift; sourceTree = "<group>"; };
		F7744EAC2CC0BA80003E5793 /* AsyncAwaitView.swift */ = {isa = PBXFileReference; lastKnownFileType = sourcecode.swift; path = AsyncAwaitView.swift; sourceTree = "<group>"; };
		F7744EAE2CC0BA98003E5793 /* CombinePublisherView.swift */ = {isa = PBXFileReference; lastKnownFileType = sourcecode.swift; path = CombinePublisherView.swift; sourceTree = "<group>"; };
/* End PBXFileReference section */

/* Begin PBXFrameworksBuildPhase section */
		F7744E8D2CC0B211003E5793 /* Frameworks */ = {
			isa = PBXFrameworksBuildPhase;
			buildActionMask = 2147483647;
			files = (
			);
			runOnlyForDeploymentPostprocessing = 0;
		};
/* End PBXFrameworksBuildPhase section */

/* Begin PBXGroup section */
		F7744E872CC0B210003E5793 = {
			isa = PBXGroup;
			children = (
				F7744E922CC0B211003E5793 /* AsynchHowto */,
				F7744E912CC0B211003E5793 /* Products */,
			);
			sourceTree = "<group>";
		};
		F7744E912CC0B211003E5793 /* Products */ = {
			isa = PBXGroup;
			children = (
				F7744E902CC0B211003E5793 /* AsynchHowto.app */,
			);
			name = Products;
			sourceTree = "<group>";
		};
		F7744E922CC0B211003E5793 /* AsynchHowto */ = {
			isa = PBXGroup;
			children = (
				F7744EA52CC0B250003E5793 /* App */,
				F7744EA42CC0B244003E5793 /* Networking */,
				F7744EA32CC0B239003E5793 /* Models */,
				F7744EA22CC0B232003E5793 /* ViewModels */,
				F7744EA12CC0B22C003E5793 /* Views */,
			);
			path = AsynchHowto;
			sourceTree = "<group>";
		};
		F7744E992CC0B214003E5793 /* Preview Content */ = {
			isa = PBXGroup;
			children = (
				F7744E9A2CC0B214003E5793 /* Preview Assets.xcassets */,
			);
			path = "Preview Content";
			sourceTree = "<group>";
		};
		F7744EA12CC0B22C003E5793 /* Views */ = {
			isa = PBXGroup;
			children = (
				F7744E952CC0B211003E5793 /* ContentView.swift */,
				F7744EA72CC0B6B9003E5793 /* GCDView.swift */,
				F7744EAA2CC0B9B2003E5793 /* NSOperationView.swift */,
				F7744EAC2CC0BA80003E5793 /* AsyncAwaitView.swift */,
				F7744EAE2CC0BA98003E5793 /* CombinePublisherView.swift */,
			);
			path = Views;
			sourceTree = "<group>";
		};
		F7744EA22CC0B232003E5793 /* ViewModels */ = {
			isa = PBXGroup;
			children = (
			);
			path = ViewModels;
			sourceTree = "<group>";
		};
		F7744EA32CC0B239003E5793 /* Models */ = {
			isa = PBXGroup;
			children = (
			);
			path = Models;
			sourceTree = "<group>";
		};
		F7744EA42CC0B244003E5793 /* Networking */ = {
			isa = PBXGroup;
			children = (
			);
			path = Networking;
			sourceTree = "<group>";
		};
		F7744EA52CC0B250003E5793 /* App */ = {
			isa = PBXGroup;
			children = (
				F7744E932CC0B211003E5793 /* AsynchHowtoApp.swift */,
				F7744E972CC0B214003E5793 /* Assets.xcassets */,
				F7744E992CC0B214003E5793 /* Preview Content */,
			);
			name = App;
			sourceTree = "<group>";
		};
/* End PBXGroup section */

/* Begin PBXNativeTarget section */
		F7744E8F2CC0B211003E5793 /* AsynchHowto */ = {
			isa = PBXNativeTarget;
			buildConfigurationList = F7744E9E2CC0B214003E5793 /* Build configuration list for PBXNativeTarget "AsynchHowto" */;
			buildPhases = (
				F7744E8C2CC0B211003E5793 /* Sources */,
				F7744E8D2CC0B211003E5793 /* Frameworks */,
				F7744E8E2CC0B211003E5793 /* Resources */,
			);
			buildRules = (
			);
			dependencies = (
			);
			name = AsynchHowto;
			productName = AsynchHowto;
			productReference = F7744E902CC0B211003E5793 /* AsynchHowto.app */;
			productType = "com.apple.product-type.application";
		};
/* End PBXNativeTarget section */

/* Begin PBXProject section */
		F7744E882CC0B211003E5793 /* Project object */ = {
			isa = PBXProject;
			attributes = {
				BuildIndependentTargetsInParallel = 1;
				LastSwiftUpdateCheck = 1510;
				LastUpgradeCheck = 1510;
				TargetAttributes = {
					F7744E8F2CC0B211003E5793 = {
						CreatedOnToolsVersion = 15.1;
					};
				};
			};
			buildConfigurationList = F7744E8B2CC0B211003E5793 /* Build configuration list for PBXProject "AsynchHowto" */;
			compatibilityVersion = "Xcode 14.0";
			developmentRegion = en;
			hasScannedForEncodings = 0;
			knownRegions = (
				en,
				Base,
			);
			mainGroup = F7744E872CC0B210003E5793;
			productRefGroup = F7744E912CC0B211003E5793 /* Products */;
			projectDirPath = "";
			projectRoot = "";
			targets = (
				F7744E8F2CC0B211003E5793 /* AsynchHowto */,
			);
		};
/* End PBXProject section */

/* Begin PBXResourcesBuildPhase section */
		F7744E8E2CC0B211003E5793 /* Resources */ = {
			isa = PBXResourcesBuildPhase;
			buildActionMask = 2147483647;
			files = (
				F7744E9B2CC0B214003E5793 /* Preview Assets.xcassets in Resources */,
				F7744E982CC0B214003E5793 /* Assets.xcassets in Resources */,
			);
			runOnlyForDeploymentPostprocessing = 0;
		};
/* End PBXResourcesBuildPhase section */

/* Begin PBXSourcesBuildPhase section */
		F7744E8C2CC0B211003E5793 /* Sources */ = {
			isa = PBXSourcesBuildPhase;
			buildActionMask = 2147483647;
			files = (
				F7744EA82CC0B6B9003E5793 /* GCDView.swift in Sources */,
				F7744EAF2CC0BA98003E5793 /* CombinePublisherView.swift in Sources */,
				F7744EAB2CC0B9B2003E5793 /* NSOperationView.swift in Sources */,
				F7744E962CC0B211003E5793 /* ContentView.swift in Sources */,
				F7744E942CC0B211003E5793 /* AsynchHowtoApp.swift in Sources */,
				F7744EAD2CC0BA80003E5793 /* AsyncAwaitView.swift in Sources */,
			);
			runOnlyForDeploymentPostprocessing = 0;
		};
/* End PBXSourcesBuildPhase section */

/* Begin XCBuildConfiguration section */
		F7744E9C2CC0B214003E5793 /* Debug */ = {
			isa = XCBuildConfiguration;
			buildSettings = {
				ALWAYS_SEARCH_USER_PATHS = NO;
				ASSETCATALOG_COMPILER_GENERATE_SWIFT_ASSET_SYMBOL_EXTENSIONS = YES;
				CLANG_ANALYZER_NONNULL = YES;
				CLANG_ANALYZER_NUMBER_OBJECT_CONVERSION = YES_AGGRESSIVE;
				CLANG_CXX_LANGUAGE_STANDARD = "gnu++20";
				CLANG_ENABLE_MODULES = YES;
				CLANG_ENABLE_OBJC_ARC = YES;
				CLANG_ENABLE_OBJC_WEAK = YES;
				CLANG_WARN_BLOCK_CAPTURE_AUTORELEASING = YES;
				CLANG_WARN_BOOL_CONVERSION = YES;
				CLANG_WARN_COMMA = YES;
				CLANG_WARN_CONSTANT_CONVERSION = YES;
				CLANG_WARN_DEPRECATED_OBJC_IMPLEMENTATIONS = YES;
				CLANG_WARN_DIRECT_OBJC_ISA_USAGE = YES_ERROR;
				CLANG_WARN_DOCUMENTATION_COMMENTS = YES;
				CLANG_WARN_EMPTY_BODY = YES;
				CLANG_WARN_ENUM_CONVERSION = YES;
				CLANG_WARN_INFINITE_RECURSION = YES;
				CLANG_WARN_INT_CONVERSION = YES;
				CLANG_WARN_NON_LITERAL_NULL_CONVERSION = YES;
				CLANG_WARN_OBJC_IMPLICIT_RETAIN_SELF = YES;
				CLANG_WARN_OBJC_LITERAL_CONVERSION = YES;
				CLANG_WARN_OBJC_ROOT_CLASS = YES_ERROR;
				CLANG_WARN_QUOTED_INCLUDE_IN_FRAMEWORK_HEADER = YES;
				CLANG_WARN_RANGE_LOOP_ANALYSIS = YES;
				CLANG_WARN_STRICT_PROTOTYPES = YES;
				CLANG_WARN_SUSPICIOUS_MOVE = YES;
				CLANG_WARN_UNGUARDED_AVAILABILITY = YES_AGGRESSIVE;
				CLANG_WARN_UNREACHABLE_CODE = YES;
				CLANG_WARN__DUPLICATE_METHOD_MATCH = YES;
				COPY_PHASE_STRIP = NO;
				DEBUG_INFORMATION_FORMAT = dwarf;
				ENABLE_STRICT_OBJC_MSGSEND = YES;
				ENABLE_TESTABILITY = YES;
				ENABLE_USER_SCRIPT_SANDBOXING = YES;
				GCC_C_LANGUAGE_STANDARD = gnu17;
				GCC_DYNAMIC_NO_PIC = NO;
				GCC_NO_COMMON_BLOCKS = YES;
				GCC_OPTIMIZATION_LEVEL = 0;
				GCC_PREPROCESSOR_DEFINITIONS = (
					"DEBUG=1",
					"$(inherited)",
				);
				GCC_WARN_64_TO_32_BIT_CONVERSION = YES;
				GCC_WARN_ABOUT_RETURN_TYPE = YES_ERROR;
				GCC_WARN_UNDECLARED_SELECTOR = YES;
				GCC_WARN_UNINITIALIZED_AUTOS = YES_AGGRESSIVE;
				GCC_WARN_UNUSED_FUNCTION = YES;
				GCC_WARN_UNUSED_VARIABLE = YES;
				IPHONEOS_DEPLOYMENT_TARGET = 17.2;
				LOCALIZATION_PREFERS_STRING_CATALOGS = YES;
				MTL_ENABLE_DEBUG_INFO = INCLUDE_SOURCE;
				MTL_FAST_MATH = YES;
				ONLY_ACTIVE_ARCH = YES;
				SDKROOT = iphoneos;
				SWIFT_ACTIVE_COMPILATION_CONDITIONS = "DEBUG $(inherited)";
				SWIFT_OPTIMIZATION_LEVEL = "-Onone";
			};
			name = Debug;
		};
		F7744E9D2CC0B214003E5793 /* Release */ = {
			isa = XCBuildConfiguration;
			buildSettings = {
				ALWAYS_SEARCH_USER_PATHS = NO;
				ASSETCATALOG_COMPILER_GENERATE_SWIFT_ASSET_SYMBOL_EXTENSIONS = YES;
				CLANG_ANALYZER_NONNULL = YES;
				CLANG_ANALYZER_NUMBER_OBJECT_CONVERSION = YES_AGGRESSIVE;
				CLANG_CXX_LANGUAGE_STANDARD = "gnu++20";
				CLANG_ENABLE_MODULES = YES;
				CLANG_ENABLE_OBJC_ARC = YES;
				CLANG_ENABLE_OBJC_WEAK = YES;
				CLANG_WARN_BLOCK_CAPTURE_AUTORELEASING = YES;
				CLANG_WARN_BOOL_CONVERSION = YES;
				CLANG_WARN_COMMA = YES;
				CLANG_WARN_CONSTANT_CONVERSION = YES;
				CLANG_WARN_DEPRECATED_OBJC_IMPLEMENTATIONS = YES;
				CLANG_WARN_DIRECT_OBJC_ISA_USAGE = YES_ERROR;
				CLANG_WARN_DOCUMENTATION_COMMENTS = YES;
				CLANG_WARN_EMPTY_BODY = YES;
				CLANG_WARN_ENUM_CONVERSION = YES;
				CLANG_WARN_INFINITE_RECURSION = YES;
				CLANG_WARN_INT_CONVERSION = YES;
				CLANG_WARN_NON_LITERAL_NULL_CONVERSION = YES;
				CLANG_WARN_OBJC_IMPLICIT_RETAIN_SELF = YES;
				CLANG_WARN_OBJC_LITERAL_CONVERSION = YES;
				CLANG_WARN_OBJC_ROOT_CLASS = YES_ERROR;
				CLANG_WARN_QUOTED_INCLUDE_IN_FRAMEWORK_HEADER = YES;
				CLANG_WARN_RANGE_LOOP_ANALYSIS = YES;
				CLANG_WARN_STRICT_PROTOTYPES = YES;
				CLANG_WARN_SUSPICIOUS_MOVE = YES;
				CLANG_WARN_UNGUARDED_AVAILABILITY = YES_AGGRESSIVE;
				CLANG_WARN_UNREACHABLE_CODE = YES;
				CLANG_WARN__DUPLICATE_METHOD_MATCH = YES;
				COPY_PHASE_STRIP = NO;
				DEBUG_INFORMATION_FORMAT = "dwarf-with-dsym";
				ENABLE_NS_ASSERTIONS = NO;
				ENABLE_STRICT_OBJC_MSGSEND = YES;
				ENABLE_USER_SCRIPT_SANDBOXING = YES;
				GCC_C_LANGUAGE_STANDARD = gnu17;
				GCC_NO_COMMON_BLOCKS = YES;
				GCC_WARN_64_TO_32_BIT_CONVERSION = YES;
				GCC_WARN_ABOUT_RETURN_TYPE = YES_ERROR;
				GCC_WARN_UNDECLARED_SELECTOR = YES;
				GCC_WARN_UNINITIALIZED_AUTOS = YES_AGGRESSIVE;
				GCC_WARN_UNUSED_FUNCTION = YES;
				GCC_WARN_UNUSED_VARIABLE = YES;
				IPHONEOS_DEPLOYMENT_TARGET = 17.2;
				LOCALIZATION_PREFERS_STRING_CATALOGS = YES;
				MTL_ENABLE_DEBUG_INFO = NO;
				MTL_FAST_MATH = YES;
				SDKROOT = iphoneos;
				SWIFT_COMPILATION_MODE = wholemodule;
				VALIDATE_PRODUCT = YES;
			};
			name = Release;
		};
		F7744E9F2CC0B214003E5793 /* Debug */ = {
			isa = XCBuildConfiguration;
			buildSettings = {
				ASSETCATALOG_COMPILER_APPICON_NAME = AppIcon;
				ASSETCATALOG_COMPILER_GLOBAL_ACCENT_COLOR_NAME = AccentColor;
				CODE_SIGN_STYLE = Automatic;
				CURRENT_PROJECT_VERSION = 1;
				DEVELOPMENT_ASSET_PATHS = "\"AsynchHowto/Preview Content\"";
				DEVELOPMENT_TEAM = 85373584HZ;
				ENABLE_PREVIEWS = YES;
				GENERATE_INFOPLIST_FILE = YES;
				INFOPLIST_KEY_UIApplicationSceneManifest_Generation = YES;
				INFOPLIST_KEY_UIApplicationSupportsIndirectInputEvents = YES;
				INFOPLIST_KEY_UILaunchScreen_Generation = YES;
				INFOPLIST_KEY_UISupportedInterfaceOrientations_iPad = "UIInterfaceOrientationPortrait UIInterfaceOrientationPortraitUpsideDown UIInterfaceOrientationLandscapeLeft UIInterfaceOrientationLandscapeRight";
				INFOPLIST_KEY_UISupportedInterfaceOrientations_iPhone = "UIInterfaceOrientationPortrait UIInterfaceOrientationLandscapeLeft UIInterfaceOrientationLandscapeRight";
				LD_RUNPATH_SEARCH_PATHS = (
					"$(inherited)",
					"@executable_path/Frameworks",
				);
				MARKETING_VERSION = 1.0;
				PRODUCT_BUNDLE_IDENTIFIER = com.gokhanmutlu.example.AsynchHowto;
				PRODUCT_NAME = "$(TARGET_NAME)";
				SWIFT_EMIT_LOC_STRINGS = YES;
				SWIFT_VERSION = 5.0;
				TARGETED_DEVICE_FAMILY = "1,2";
			};
			name = Debug;
		};
		F7744EA02CC0B214003E5793 /* Release */ = {
			isa = XCBuildConfiguration;
			buildSettings = {
				ASSETCATALOG_COMPILER_APPICON_NAME = AppIcon;
				ASSETCATALOG_COMPILER_GLOBAL_ACCENT_COLOR_NAME = AccentColor;
				CODE_SIGN_STYLE = Automatic;
				CURRENT_PROJECT_VERSION = 1;
				DEVELOPMENT_ASSET_PATHS = "\"AsynchHowto/Preview Content\"";
				DEVELOPMENT_TEAM = 85373584HZ;
				ENABLE_PREVIEWS = YES;
				GENERATE_INFOPLIST_FILE = YES;
				INFOPLIST_KEY_UIApplicationSceneManifest_Generation = YES;
				INFOPLIST_KEY_UIApplicationSupportsIndirectInputEvents = YES;
				INFOPLIST_KEY_UILaunchScreen_Generation = YES;
				INFOPLIST_KEY_UISupportedInterfaceOrientations_iPad = "UIInterfaceOrientationPortrait UIInterfaceOrientationPortraitUpsideDown UIInterfaceOrientationLandscapeLeft UIInterfaceOrientationLandscapeRight";
				INFOPLIST_KEY_UISupportedInterfaceOrientations_iPhone = "UIInterfaceOrientationPortrait UIInterfaceOrientationLandscapeLeft UIInterfaceOrientationLandscapeRight";
				LD_RUNPATH_SEARCH_PATHS = (
					"$(inherited)",
					"@executable_path/Frameworks",
				);
				MARKETING_VERSION = 1.0;
				PRODUCT_BUNDLE_IDENTIFIER = com.gokhanmutlu.example.AsynchHowto;
				PRODUCT_NAME = "$(TARGET_NAME)";
				SWIFT_EMIT_LOC_STRINGS = YES;
				SWIFT_VERSION = 5.0;
				TARGETED_DEVICE_FAMILY = "1,2";
			};
			name = Release;
		};
/* End XCBuildConfiguration section */

/* Begin XCConfigurationList section */
		F7744E8B2CC0B211003E5793 /* Build configuration list for PBXProject "AsynchHowto" */ = {
			isa = XCConfigurationList;
			buildConfigurations = (
				F7744E9C2CC0B214003E5793 /* Debug */,
				F7744E9D2CC0B214003E5793 /* Release */,
			);
			defaultConfigurationIsVisible = 0;
			defaultConfigurationName = Release;
		};
		F7744E9E2CC0B214003E5793 /* Build configuration list for PBXNativeTarget "AsynchHowto" */ = {
			isa = XCConfigurationList;
			buildConfigurations = (
				F7744E9F2CC0B214003E5793 /* Debug */,
				F7744EA02CC0B214003E5793 /* Release */,
			);
			defaultConfigurationIsVisible = 0;
			defaultConfigurationName = Release;
		};
/* End XCConfigurationList section */
	};
	rootObject = F7744E882CC0B211003E5793 /* Project object */;
}
